// !$*UTF8*$!
{
	archiveVersion = 1;
	classes = {
	};
	objectVersion = 46;
	objects = {

/* Begin PBXBuildFile section */
		8A7FB626189CC9F600575BB0 /* Foundation.framework in Frameworks */ = {isa = PBXBuildFile; fileRef = 8A7FB625189CC9F600575BB0 /* Foundation.framework */; };
		8A7FB628189CC9F600575BB0 /* CoreGraphics.framework in Frameworks */ = {isa = PBXBuildFile; fileRef = 8A7FB627189CC9F600575BB0 /* CoreGraphics.framework */; };
		8A7FB62A189CC9F600575BB0 /* UIKit.framework in Frameworks */ = {isa = PBXBuildFile; fileRef = 8A7FB629189CC9F600575BB0 /* UIKit.framework */; };
		8A7FB630189CC9F600575BB0 /* InfoPlist.strings in Resources */ = {isa = PBXBuildFile; fileRef = 8A7FB62E189CC9F600575BB0 /* InfoPlist.strings */; };
		8A7FB632189CC9F600575BB0 /* main.m in Sources */ = {isa = PBXBuildFile; fileRef = 8A7FB631189CC9F600575BB0 /* main.m */; };
		8A7FB636189CC9F600575BB0 /* AppDelegate.m in Sources */ = {isa = PBXBuildFile; fileRef = 8A7FB635189CC9F600575BB0 /* AppDelegate.m */; };
		8A7FB639189CC9F600575BB0 /* Main.storyboard in Resources */ = {isa = PBXBuildFile; fileRef = 8A7FB637189CC9F600575BB0 /* Main.storyboard */; };
		8A7FB63C189CC9F600575BB0 /* ViewController.m in Sources */ = {isa = PBXBuildFile; fileRef = 8A7FB63B189CC9F600575BB0 /* ViewController.m */; };
		8A7FB63E189CC9F600575BB0 /* Images.xcassets in Resources */ = {isa = PBXBuildFile; fileRef = 8A7FB63D189CC9F600575BB0 /* Images.xcassets */; };
		8A7FB645189CC9F600575BB0 /* XCTest.framework in Frameworks */ = {isa = PBXBuildFile; fileRef = 8A7FB644189CC9F600575BB0 /* XCTest.framework */; };
		8A7FB646189CC9F600575BB0 /* Foundation.framework in Frameworks */ = {isa = PBXBuildFile; fileRef = 8A7FB625189CC9F600575BB0 /* Foundation.framework */; };
		8A7FB647189CC9F600575BB0 /* UIKit.framework in Frameworks */ = {isa = PBXBuildFile; fileRef = 8A7FB629189CC9F600575BB0 /* UIKit.framework */; };
		8A7FB64F189CC9F600575BB0 /* InfoPlist.strings in Resources */ = {isa = PBXBuildFile; fileRef = 8A7FB64D189CC9F600575BB0 /* InfoPlist.strings */; };
		8A7FB651189CC9F600575BB0 /* TTMAudioUnitHelperDemoTests.m in Sources */ = {isa = PBXBuildFile; fileRef = 8A7FB650189CC9F600575BB0 /* TTMAudioUnitHelperDemoTests.m */; };
/* End PBXBuildFile section */

/* Begin PBXContainerItemProxy section */
		8A7FB648189CC9F600575BB0 /* PBXContainerItemProxy */ = {
			isa = PBXContainerItemProxy;
			containerPortal = 8A7FB61A189CC9F600575BB0 /* Project object */;
			proxyType = 1;
			remoteGlobalIDString = 8A7FB621189CC9F600575BB0;
			remoteInfo = TTMAudioUnitHelperDemo;
		};
/* End PBXContainerItemProxy section */

/* Begin PBXFileReference section */
		8A7FB622189CC9F600575BB0 /* TTMAudioUnitHelperDemo.app */ = {isa = PBXFileReference; explicitFileType = wrapper.application; includeInIndex = 0; path = TTMAudioUnitHelperDemo.app; sourceTree = BUILT_PRODUCTS_DIR; };
		8A7FB625189CC9F600575BB0 /* Foundation.framework */ = {isa = PBXFileReference; lastKnownFileType = wrapper.framework; name = Foundation.framework; path = System/Library/Frameworks/Foundation.framework; sourceTree = SDKROOT; };
		8A7FB627189CC9F600575BB0 /* CoreGraphics.framework */ = {isa = PBXFileReference; lastKnownFileType = wrapper.framework; name = CoreGraphics.framework; path = System/Library/Frameworks/CoreGraphics.framework; sourceTree = SDKROOT; };
		8A7FB629189CC9F600575BB0 /* UIKit.framework */ = {isa = PBXFileReference; lastKnownFileType = wrapper.framework; name = UIKit.framework; path = System/Library/Frameworks/UIKit.framework; sourceTree = SDKROOT; };
		8A7FB62D189CC9F600575BB0 /* TTMAudioUnitHelperDemo-Info.plist */ = {isa = PBXFileReference; lastKnownFileType = text.plist.xml; path = "TTMAudioUnitHelperDemo-Info.plist"; sourceTree = "<group>"; };
		8A7FB62F189CC9F600575BB0 /* en */ = {isa = PBXFileReference; lastKnownFileType = text.plist.strings; name = en; path = en.lproj/InfoPlist.strings; sourceTree = "<group>"; };
		8A7FB631189CC9F600575BB0 /* main.m */ = {isa = PBXFileReference; lastKnownFileType = sourcecode.c.objc; path = main.m; sourceTree = "<group>"; };
		8A7FB633189CC9F600575BB0 /* TTMAudioUnitHelperDemo-Prefix.pch */ = {isa = PBXFileReference; lastKnownFileType = sourcecode.c.h; path = "TTMAudioUnitHelperDemo-Prefix.pch"; sourceTree = "<group>"; };
		8A7FB634189CC9F600575BB0 /* AppDelegate.h */ = {isa = PBXFileReference; lastKnownFileType = sourcecode.c.h; path = AppDelegate.h; sourceTree = "<group>"; };
		8A7FB635189CC9F600575BB0 /* AppDelegate.m */ = {isa = PBXFileReference; lastKnownFileType = sourcecode.c.objc; path = AppDelegate.m; sourceTree = "<group>"; };
		8A7FB638189CC9F600575BB0 /* Base */ = {isa = PBXFileReference; lastKnownFileType = file.storyboard; name = Base; path = Base.lproj/Main.storyboard; sourceTree = "<group>"; };
		8A7FB63A189CC9F600575BB0 /* ViewController.h */ = {isa = PBXFileReference; lastKnownFileType = sourcecode.c.h; path = ViewController.h; sourceTree = "<group>"; };
		8A7FB63B189CC9F600575BB0 /* ViewController.m */ = {isa = PBXFileReference; lastKnownFileType = sourcecode.c.objc; path = ViewController.m; sourceTree = "<group>"; };
		8A7FB63D189CC9F600575BB0 /* Images.xcassets */ = {isa = PBXFileReference; lastKnownFileType = folder.assetcatalog; path = Images.xcassets; sourceTree = "<group>"; };
		8A7FB643189CC9F600575BB0 /* TTMAudioUnitHelperDemoTests.xctest */ = {isa = PBXFileReference; explicitFileType = wrapper.cfbundle; includeInIndex = 0; path = TTMAudioUnitHelperDemoTests.xctest; sourceTree = BUILT_PRODUCTS_DIR; };
		8A7FB644189CC9F600575BB0 /* XCTest.framework */ = {isa = PBXFileReference; lastKnownFileType = wrapper.framework; name = XCTest.framework; path = Library/Frameworks/XCTest.framework; sourceTree = DEVELOPER_DIR; };
		8A7FB64C189CC9F600575BB0 /* TTMAudioUnitHelperDemoTests-Info.plist */ = {isa = PBXFileReference; lastKnownFileType = text.plist.xml; path = "TTMAudioUnitHelperDemoTests-Info.plist"; sourceTree = "<group>"; };
		8A7FB64E189CC9F600575BB0 /* en */ = {isa = PBXFileReference; lastKnownFileType = text.plist.strings; name = en; path = en.lproj/InfoPlist.strings; sourceTree = "<group>"; };
		8A7FB650189CC9F600575BB0 /* TTMAudioUnitHelperDemoTests.m */ = {isa = PBXFileReference; lastKnownFileType = sourcecode.c.objc; path = TTMAudioUnitHelperDemoTests.m; sourceTree = "<group>"; };
/* End PBXFileReference section */

/* Begin PBXFrameworksBuildPhase section */
		8A7FB61F189CC9F600575BB0 /* Frameworks */ = {
			isa = PBXFrameworksBuildPhase;
			buildActionMask = 2147483647;
			files = (
				8A7FB628189CC9F600575BB0 /* CoreGraphics.framework in Frameworks */,
				8A7FB62A189CC9F600575BB0 /* UIKit.framework in Frameworks */,
				8A7FB626189CC9F600575BB0 /* Foundation.framework in Frameworks */,
			);
			runOnlyForDeploymentPostprocessing = 0;
		};
		8A7FB640189CC9F600575BB0 /* Frameworks */ = {
			isa = PBXFrameworksBuildPhase;
			buildActionMask = 2147483647;
			files = (
				8A7FB645189CC9F600575BB0 /* XCTest.framework in Frameworks */,
				8A7FB647189CC9F600575BB0 /* UIKit.framework in Frameworks */,
				8A7FB646189CC9F600575BB0 /* Foundation.framework in Frameworks */,
			);
			runOnlyForDeploymentPostprocessing = 0;
		};
/* End PBXFrameworksBuildPhase section */

/* Begin PBXGroup section */
		8A7FB619189CC9F600575BB0 = {
			isa = PBXGroup;
			children = (
				8A7FB62B189CC9F600575BB0 /* TTMAudioUnitHelperDemo */,
				8A7FB64A189CC9F600575BB0 /* TTMAudioUnitHelperDemoTests */,
				8A7FB624189CC9F600575BB0 /* Frameworks */,
				8A7FB623189CC9F600575BB0 /* Products */,
			);
			sourceTree = "<group>";
		};
		8A7FB623189CC9F600575BB0 /* Products */ = {
			isa = PBXGroup;
			children = (
				8A7FB622189CC9F600575BB0 /* TTMAudioUnitHelperDemo.app */,
				8A7FB643189CC9F600575BB0 /* TTMAudioUnitHelperDemoTests.xctest */,
			);
			name = Products;
			sourceTree = "<group>";
		};
		8A7FB624189CC9F600575BB0 /* Frameworks */ = {
			isa = PBXGroup;
			children = (
				8A7FB625189CC9F600575BB0 /* Foundation.framework */,
				8A7FB627189CC9F600575BB0 /* CoreGraphics.framework */,
				8A7FB629189CC9F600575BB0 /* UIKit.framework */,
				8A7FB644189CC9F600575BB0 /* XCTest.framework */,
			);
			name = Frameworks;
			sourceTree = "<group>";
		};
		8A7FB62B189CC9F600575BB0 /* TTMAudioUnitHelperDemo */ = {
			isa = PBXGroup;
			children = (
				8A7FB634189CC9F600575BB0 /* AppDelegate.h */,
				8A7FB635189CC9F600575BB0 /* AppDelegate.m */,
				8A7FB637189CC9F600575BB0 /* Main.storyboard */,
				8A7FB63A189CC9F600575BB0 /* ViewController.h */,
				8A7FB63B189CC9F600575BB0 /* ViewController.m */,
				8A7FB63D189CC9F600575BB0 /* Images.xcassets */,
				8A7FB62C189CC9F600575BB0 /* Supporting Files */,
			);
			path = TTMAudioUnitHelperDemo;
			sourceTree = "<group>";
		};
		8A7FB62C189CC9F600575BB0 /* Supporting Files */ = {
			isa = PBXGroup;
			children = (
				8A7FB62D189CC9F600575BB0 /* TTMAudioUnitHelperDemo-Info.plist */,
				8A7FB62E189CC9F600575BB0 /* InfoPlist.strings */,
				8A7FB631189CC9F600575BB0 /* main.m */,
				8A7FB633189CC9F600575BB0 /* TTMAudioUnitHelperDemo-Prefix.pch */,
			);
			name = "Supporting Files";
			sourceTree = "<group>";
		};
		8A7FB64A189CC9F600575BB0 /* TTMAudioUnitHelperDemoTests */ = {
			isa = PBXGroup;
			children = (
				8A7FB650189CC9F600575BB0 /* TTMAudioUnitHelperDemoTests.m */,
				8A7FB64B189CC9F600575BB0 /* Supporting Files */,
			);
			path = TTMAudioUnitHelperDemoTests;
			sourceTree = "<group>";
		};
		8A7FB64B189CC9F600575BB0 /* Supporting Files */ = {
			isa = PBXGroup;
			children = (
				8A7FB64C189CC9F600575BB0 /* TTMAudioUnitHelperDemoTests-Info.plist */,
				8A7FB64D189CC9F600575BB0 /* InfoPlist.strings */,
			);
			name = "Supporting Files";
			sourceTree = "<group>";
		};
/* End PBXGroup section */

/* Begin PBXNativeTarget section */
		8A7FB621189CC9F600575BB0 /* TTMAudioUnitHelperDemo */ = {
			isa = PBXNativeTarget;
			buildConfigurationList = 8A7FB654189CC9F600575BB0 /* Build configuration list for PBXNativeTarget "TTMAudioUnitHelperDemo" */;
			buildPhases = (
				8A7FB61E189CC9F600575BB0 /* Sources */,
				8A7FB61F189CC9F600575BB0 /* Frameworks */,
				8A7FB620189CC9F600575BB0 /* Resources */,
			);
			buildRules = (
			);
			dependencies = (
			);
			name = TTMAudioUnitHelperDemo;
			productName = TTMAudioUnitHelperDemo;
			productReference = 8A7FB622189CC9F600575BB0 /* TTMAudioUnitHelperDemo.app */;
			productType = "com.apple.product-type.application";
		};
		8A7FB642189CC9F600575BB0 /* TTMAudioUnitHelperDemoTests */ = {
			isa = PBXNativeTarget;
			buildConfigurationList = 8A7FB657189CC9F600575BB0 /* Build configuration list for PBXNativeTarget "TTMAudioUnitHelperDemoTests" */;
			buildPhases = (
				8A7FB63F189CC9F600575BB0 /* Sources */,
				8A7FB640189CC9F600575BB0 /* Frameworks */,
				8A7FB641189CC9F600575BB0 /* Resources */,
			);
			buildRules = (
			);
			dependencies = (
				8A7FB649189CC9F600575BB0 /* PBXTargetDependency */,
			);
			name = TTMAudioUnitHelperDemoTests;
			productName = TTMAudioUnitHelperDemoTests;
			productReference = 8A7FB643189CC9F600575BB0 /* TTMAudioUnitHelperDemoTests.xctest */;
			productType = "com.apple.product-type.bundle.unit-test";
		};
/* End PBXNativeTarget section */

/* Begin PBXProject section */
		8A7FB61A189CC9F600575BB0 /* Project object */ = {
			isa = PBXProject;
			attributes = {
				LastUpgradeCheck = 0500;
				ORGANIZATIONNAME = shu223;
				TargetAttributes = {
					8A7FB642189CC9F600575BB0 = {
						TestTargetID = 8A7FB621189CC9F600575BB0;
					};
				};
			};
			buildConfigurationList = 8A7FB61D189CC9F600575BB0 /* Build configuration list for PBXProject "TTMAudioUnitHelperDemo" */;
			compatibilityVersion = "Xcode 3.2";
			developmentRegion = English;
			hasScannedForEncodings = 0;
			knownRegions = (
				en,
				Base,
			);
			mainGroup = 8A7FB619189CC9F600575BB0;
			productRefGroup = 8A7FB623189CC9F600575BB0 /* Products */;
			projectDirPath = "";
			projectRoot = "";
			targets = (
				8A7FB621189CC9F600575BB0 /* TTMAudioUnitHelperDemo */,
				8A7FB642189CC9F600575BB0 /* TTMAudioUnitHelperDemoTests */,
			);
		};
/* End PBXProject section */

/* Begin PBXResourcesBuildPhase section */
		8A7FB620189CC9F600575BB0 /* Resources */ = {
			isa = PBXResourcesBuildPhase;
			buildActionMask = 2147483647;
			files = (
				8A7FB63E189CC9F600575BB0 /* Images.xcassets in Resources */,
				8A7FB630189CC9F600575BB0 /* InfoPlist.strings in Resources */,
				8A7FB639189CC9F600575BB0 /* Main.storyboard in Resources */,
			);
			runOnlyForDeploymentPostprocessing = 0;
		};
		8A7FB641189CC9F600575BB0 /* Resources */ = {
			isa = PBXResourcesBuildPhase;
			buildActionMask = 2147483647;
			files = (
				8A7FB64F189CC9F600575BB0 /* InfoPlist.strings in Resources */,
			);
			runOnlyForDeploymentPostprocessing = 0;
		};
/* End PBXResourcesBuildPhase section */

/* Begin PBXSourcesBuildPhase section */
		8A7FB61E189CC9F600575BB0 /* Sources */ = {
			isa = PBXSourcesBuildPhase;
			buildActionMask = 2147483647;
			files = (
				8A7FB63C189CC9F600575BB0 /* ViewController.m in Sources */,
				8A7FB636189CC9F600575BB0 /* AppDelegate.m in Sources */,
				8A7FB632189CC9F600575BB0 /* main.m in Sources */,
			);
			runOnlyForDeploymentPostprocessing = 0;
		};
		8A7FB63F189CC9F600575BB0 /* Sources */ = {
			isa = PBXSourcesBuildPhase;
			buildActionMask = 2147483647;
			files = (
				8A7FB651189CC9F600575BB0 /* TTMAudioUnitHelperDemoTests.m in Sources */,
			);
			runOnlyForDeploymentPostprocessing = 0;
		};
/* End PBXSourcesBuildPhase section */

/* Begin PBXTargetDependency section */
		8A7FB649189CC9F600575BB0 /* PBXTargetDependency */ = {
			isa = PBXTargetDependency;
			target = 8A7FB621189CC9F600575BB0 /* TTMAudioUnitHelperDemo */;
			targetProxy = 8A7FB648189CC9F600575BB0 /* PBXContainerItemProxy */;
		};
/* End PBXTargetDependency section */

/* Begin PBXVariantGroup section */
		8A7FB62E189CC9F600575BB0 /* InfoPlist.strings */ = {
			isa = PBXVariantGroup;
			children = (
				8A7FB62F189CC9F600575BB0 /* en */,
			);
			name = InfoPlist.strings;
			sourceTree = "<group>";
		};
		8A7FB637189CC9F600575BB0 /* Main.storyboard */ = {
			isa = PBXVariantGroup;
			children = (
				8A7FB638189CC9F600575BB0 /* Base */,
			);
			name = Main.storyboard;
			sourceTree = "<group>";
		};
		8A7FB64D189CC9F600575BB0 /* InfoPlist.strings */ = {
			isa = PBXVariantGroup;
			children = (
				8A7FB64E189CC9F600575BB0 /* en */,
			);
			name = InfoPlist.strings;
			sourceTree = "<group>";
		};
/* End PBXVariantGroup section */

/* Begin XCBuildConfiguration section */
		8A7FB652189CC9F600575BB0 /* Debug */ = {
			isa = XCBuildConfiguration;
			buildSettings = {
				ALWAYS_SEARCH_USER_PATHS = NO;
				ARCHS = "$(ARCHS_STANDARD_INCLUDING_64_BIT)";
				CLANG_CXX_LANGUAGE_STANDARD = "gnu++0x";
				CLANG_CXX_LIBRARY = "libc++";
				CLANG_ENABLE_MODULES = YES;
				CLANG_ENABLE_OBJC_ARC = YES;
				CLANG_WARN_BOOL_CONVERSION = YES;
				CLANG_WARN_CONSTANT_CONVERSION = YES;
				CLANG_WARN_DIRECT_OBJC_ISA_USAGE = YES_ERROR;
				CLANG_WARN_EMPTY_BODY = YES;
				CLANG_WARN_ENUM_CONVERSION = YES;
				CLANG_WARN_INT_CONVERSION = YES;
				CLANG_WARN_OBJC_ROOT_CLASS = YES_ERROR;
				CLANG_WARN__DUPLICATE_METHOD_MATCH = YES;
				"CODE_SIGN_IDENTITY[sdk=iphoneos*]" = "iPhone Developer";
				COPY_PHASE_STRIP = NO;
				GCC_C_LANGUAGE_STANDARD = gnu99;
				GCC_DYNAMIC_NO_PIC = NO;
				GCC_OPTIMIZATION_LEVEL = 0;
				GCC_PREPROCESSOR_DEFINITIONS = (
					"DEBUG=1",
					"$(inherited)",
				);
				GCC_SYMBOLS_PRIVATE_EXTERN = NO;
				GCC_WARN_64_TO_32_BIT_CONVERSION = YES;
				GCC_WARN_ABOUT_RETURN_TYPE = YES_ERROR;
				GCC_WARN_UNDECLARED_SELECTOR = YES;
				GCC_WARN_UNINITIALIZED_AUTOS = YES;
				GCC_WARN_UNUSED_FUNCTION = YES;
				GCC_WARN_UNUSED_VARIABLE = YES;
				IPHONEOS_DEPLOYMENT_TARGET = 7.0;
				ONLY_ACTIVE_ARCH = YES;
				SDKROOT = iphoneos;
			};
			name = Debug;
		};
		8A7FB653189CC9F600575BB0 /* Release */ = {
			isa = XCBuildConfiguration;
			buildSettings = {
				ALWAYS_SEARCH_USER_PATHS = NO;
				ARCHS = "$(ARCHS_STANDARD_INCLUDING_64_BIT)";
				CLANG_CXX_LANGUAGE_STANDARD = "gnu++0x";
				CLANG_CXX_LIBRARY = "libc++";
				CLANG_ENABLE_MODULES = YES;
				CLANG_ENABLE_OBJC_ARC = YES;
				CLANG_WARN_BOOL_CONVERSION = YES;
				CLANG_WARN_CONSTANT_CONVERSION = YES;
				CLANG_WARN_DIRECT_OBJC_ISA_USAGE = YES_ERROR;
				CLANG_WARN_EMPTY_BODY = YES;
				CLANG_WARN_ENUM_CONVERSION = YES;
				CLANG_WARN_INT_CONVERSION = YES;
				CLANG_WARN_OBJC_ROOT_CLASS = YES_ERROR;
				CLANG_WARN__DUPLICATE_METHOD_MATCH = YES;
				"CODE_SIGN_IDENTITY[sdk=iphoneos*]" = "iPhone Developer";
				COPY_PHASE_STRIP = YES;
				ENABLE_NS_ASSERTIONS = NO;
				GCC_C_LANGUAGE_STANDARD = gnu99;
				GCC_WARN_64_TO_32_BIT_CONVERSION = YES;
				GCC_WARN_ABOUT_RETURN_TYPE = YES_ERROR;
				GCC_WARN_UNDECLARED_SELECTOR = YES;
				GCC_WARN_UNINITIALIZED_AUTOS = YES;
				GCC_WARN_UNUSED_FUNCTION = YES;
				GCC_WARN_UNUSED_VARIABLE = YES;
				IPHONEOS_DEPLOYMENT_TARGET = 7.0;
				SDKROOT = iphoneos;
				VALIDATE_PRODUCT = YES;
			};
			name = Release;
		};
		8A7FB655189CC9F600575BB0 /* Debug */ = {
			isa = XCBuildConfiguration;
			buildSettings = {
				ASSETCATALOG_COMPILER_APPICON_NAME = AppIcon;
				ASSETCATALOG_COMPILER_LAUNCHIMAGE_NAME = LaunchImage;
				GCC_PRECOMPILE_PREFIX_HEADER = YES;
				GCC_PREFIX_HEADER = "TTMAudioUnitHelperDemo/TTMAudioUnitHelperDemo-Prefix.pch";
				INFOPLIST_FILE = "TTMAudioUnitHelperDemo/TTMAudioUnitHelperDemo-Info.plist";
				PRODUCT_NAME = "$(TARGET_NAME)";
				WRAPPER_EXTENSION = app;
			};
			name = Debug;
		};
		8A7FB656189CC9F600575BB0 /* Release */ = {
			isa = XCBuildConfiguration;
			buildSettings = {
				ASSETCATALOG_COMPILER_APPICON_NAME = AppIcon;
				ASSETCATALOG_COMPILER_LAUNCHIMAGE_NAME = LaunchImage;
				GCC_PRECOMPILE_PREFIX_HEADER = YES;
				GCC_PREFIX_HEADER = "TTMAudioUnitHelperDemo/TTMAudioUnitHelperDemo-Prefix.pch";
				INFOPLIST_FILE = "TTMAudioUnitHelperDemo/TTMAudioUnitHelperDemo-Info.plist";
				PRODUCT_NAME = "$(TARGET_NAME)";
				WRAPPER_EXTENSION = app;
			};
			name = Release;
		};
		8A7FB658189CC9F600575BB0 /* Debug */ = {
			isa = XCBuildConfiguration;
			buildSettings = {
				ARCHS = "$(ARCHS_STANDARD_INCLUDING_64_BIT)";
				BUNDLE_LOADER = "$(BUILT_PRODUCTS_DIR)/TTMAudioUnitHelperDemo.app/TTMAudioUnitHelperDemo";
				FRAMEWORK_SEARCH_PATHS = (
					"$(SDKROOT)/Developer/Library/Frameworks",
					"$(inherited)",
					"$(DEVELOPER_FRAMEWORKS_DIR)",
				);
				GCC_PRECOMPILE_PREFIX_HEADER = YES;
				GCC_PREFIX_HEADER = "TTMAudioUnitHelperDemo/TTMAudioUnitHelperDemo-Prefix.pch";
				GCC_PREPROCESSOR_DEFINITIONS = (
					"DEBUG=1",
					"$(inherited)",
				);
				INFOPLIST_FILE = "TTMAudioUnitHelperDemoTests/TTMAudioUnitHelperDemoTests-Info.plist";
				PRODUCT_NAME = "$(TARGET_NAME)";
				TEST_HOST = "$(BUNDLE_LOADER)";
				WRAPPER_EXTENSION = xctest;
			};
			name = Debug;
		};
		8A7FB659189CC9F600575BB0 /* Release */ = {
			isa = XCBuildConfiguration;
			buildSettings = {
				ARCHS = "$(ARCHS_STANDARD_INCLUDING_64_BIT)";
				BUNDLE_LOADER = "$(BUILT_PRODUCTS_DIR)/TTMAudioUnitHelperDemo.app/TTMAudioUnitHelperDemo";
				FRAMEWORK_SEARCH_PATHS = (
					"$(SDKROOT)/Developer/Library/Frameworks",
					"$(inherited)",
					"$(DEVELOPER_FRAMEWORKS_DIR)",
				);
				GCC_PRECOMPILE_PREFIX_HEADER = YES;
				GCC_PREFIX_HEADER = "TTMAudioUnitHelperDemo/TTMAudioUnitHelperDemo-Prefix.pch";
				INFOPLIST_FILE = "TTMAudioUnitHelperDemoTests/TTMAudioUnitHelperDemoTests-Info.plist";
				PRODUCT_NAME = "$(TARGET_NAME)";
				TEST_HOST = "$(BUNDLE_LOADER)";
				WRAPPER_EXTENSION = xctest;
			};
			name = Release;
		};
/* End XCBuildConfiguration section */

/* Begin XCConfigurationList section */
		8A7FB61D189CC9F600575BB0 /* Build configuration list for PBXProject "TTMAudioUnitHelperDemo" */ = {
			isa = XCConfigurationList;
			buildConfigurations = (
				8A7FB652189CC9F600575BB0 /* Debug */,
				8A7FB653189CC9F600575BB0 /* Release */,
			);
			defaultConfigurationIsVisible = 0;
			defaultConfigurationName = Release;
		};
		8A7FB654189CC9F600575BB0 /* Build configuration list for PBXNativeTarget "TTMAudioUnitHelperDemo" */ = {
			isa = XCConfigurationList;
			buildConfigurations = (
				8A7FB655189CC9F600575BB0 /* Debug */,
				8A7FB656189CC9F600575BB0 /* Release */,
			);
			defaultConfigurationIsVisible = 0;
		};
		8A7FB657189CC9F600575BB0 /* Build configuration list for PBXNativeTarget "TTMAudioUnitHelperDemoTests" */ = {
			isa = XCConfigurationList;
			buildConfigurations = (
				8A7FB658189CC9F600575BB0 /* Debug */,
				8A7FB659189CC9F600575BB0 /* Release */,
			);
			defaultConfigurationIsVisible = 0;
		};
/* End XCConfigurationList section */
	};
	rootObject = 8A7FB61A189CC9F600575BB0 /* Project object */;
}
